// !$*UTF8*$!
{
	archiveVersion = 1;
	classes = {
	};
	objectVersion = 56;
	objects = {

/* Begin PBXBuildFile section */
		719E4DF32A497655002ACDD8 /* AppDelegate.swift in Sources */ = {isa = PBXBuildFile; fileRef = 719E4DF22A497655002ACDD8 /* AppDelegate.swift */; };
		719E4DF52A497655002ACDD8 /* SceneDelegate.swift in Sources */ = {isa = PBXBuildFile; fileRef = 719E4DF42A497655002ACDD8 /* SceneDelegate.swift */; };
		719E4DF72A497655002ACDD8 /* ViewController.swift in Sources */ = {isa = PBXBuildFile; fileRef = 719E4DF62A497655002ACDD8 /* ViewController.swift */; };
		719E4DFA2A497655002ACDD8 /* Main.storyboard in Resources */ = {isa = PBXBuildFile; fileRef = 719E4DF82A497655002ACDD8 /* Main.storyboard */; };
		719E4DFC2A497656002ACDD8 /* Assets.xcassets in Resources */ = {isa = PBXBuildFile; fileRef = 719E4DFB2A497656002ACDD8 /* Assets.xcassets */; };
		719E4DFF2A497656002ACDD8 /* LaunchScreen.storyboard in Resources */ = {isa = PBXBuildFile; fileRef = 719E4DFD2A497656002ACDD8 /* LaunchScreen.storyboard */; };
		719E4E0A2A497656002ACDD8 /* ActorTestAppTests.swift in Sources */ = {isa = PBXBuildFile; fileRef = 719E4E092A497656002ACDD8 /* ActorTestAppTests.swift */; };
		719E4E142A497656002ACDD8 /* ActorTestAppUITests.swift in Sources */ = {isa = PBXBuildFile; fileRef = 719E4E132A497656002ACDD8 /* ActorTestAppUITests.swift */; };
		719E4E162A497656002ACDD8 /* ActorTestAppUITestsLaunchTests.swift in Sources */ = {isa = PBXBuildFile; fileRef = 719E4E152A497656002ACDD8 /* ActorTestAppUITestsLaunchTests.swift */; };
		719E4E232A4976D9002ACDD8 /* Flight.swift in Sources */ = {isa = PBXBuildFile; fileRef = 719E4E222A4976D9002ACDD8 /* Flight.swift */; };
/* End PBXBuildFile section */

/* Begin PBXContainerItemProxy section */
		719E4E062A497656002ACDD8 /* PBXContainerItemProxy */ = {
			isa = PBXContainerItemProxy;
			containerPortal = 719E4DE72A497655002ACDD8 /* Project object */;
			proxyType = 1;
			remoteGlobalIDString = 719E4DEE2A497655002ACDD8;
			remoteInfo = ActorTestApp;
		};
		719E4E102A497656002ACDD8 /* PBXContainerItemProxy */ = {
			isa = PBXContainerItemProxy;
			containerPortal = 719E4DE72A497655002ACDD8 /* Project object */;
			proxyType = 1;
			remoteGlobalIDString = 719E4DEE2A497655002ACDD8;
			remoteInfo = ActorTestApp;
		};
/* End PBXContainerItemProxy section */

/* Begin PBXFileReference section */
		719E4DEF2A497655002ACDD8 /* ActorTestApp.app */ = {isa = PBXFileReference; explicitFileType = wrapper.application; includeInIndex = 0; path = ActorTestApp.app; sourceTree = BUILT_PRODUCTS_DIR; };
		719E4DF22A497655002ACDD8 /* AppDelegate.swift */ = {isa = PBXFileReference; lastKnownFileType = sourcecode.swift; path = AppDelegate.swift; sourceTree = "<group>"; };
		719E4DF42A497655002ACDD8 /* SceneDelegate.swift */ = {isa = PBXFileReference; lastKnownFileType = sourcecode.swift; path = SceneDelegate.swift; sourceTree = "<group>"; };
		719E4DF62A497655002ACDD8 /* ViewController.swift */ = {isa = PBXFileReference; lastKnownFileType = sourcecode.swift; path = ViewController.swift; sourceTree = "<group>"; };
		719E4DF92A497655002ACDD8 /* Base */ = {isa = PBXFileReference; lastKnownFileType = file.storyboard; name = Base; path = Base.lproj/Main.storyboard; sourceTree = "<group>"; };
		719E4DFB2A497656002ACDD8 /* Assets.xcassets */ = {isa = PBXFileReference; lastKnownFileType = folder.assetcatalog; path = Assets.xcassets; sourceTree = "<group>"; };
		719E4DFE2A497656002ACDD8 /* Base */ = {isa = PBXFileReference; lastKnownFileType = file.storyboard; name = Base; path = Base.lproj/LaunchScreen.storyboard; sourceTree = "<group>"; };
		719E4E002A497656002ACDD8 /* Info.plist */ = {isa = PBXFileReference; lastKnownFileType = text.plist.xml; path = Info.plist; sourceTree = "<group>"; };
		719E4E052A497656002ACDD8 /* ActorTestAppTests.xctest */ = {isa = PBXFileReference; explicitFileType = wrapper.cfbundle; includeInIndex = 0; path = ActorTestAppTests.xctest; sourceTree = BUILT_PRODUCTS_DIR; };
		719E4E092A497656002ACDD8 /* ActorTestAppTests.swift */ = {isa = PBXFileReference; lastKnownFileType = sourcecode.swift; path = ActorTestAppTests.swift; sourceTree = "<group>"; };
		719E4E0F2A497656002ACDD8 /* ActorTestAppUITests.xctest */ = {isa = PBXFileReference; explicitFileType = wrapper.cfbundle; includeInIndex = 0; path = ActorTestAppUITests.xctest; sourceTree = BUILT_PRODUCTS_DIR; };
		719E4E132A497656002ACDD8 /* ActorTestAppUITests.swift */ = {isa = PBXFileReference; lastKnownFileType = sourcecode.swift; path = ActorTestAppUITests.swift; sourceTree = "<group>"; };
		719E4E152A497656002ACDD8 /* ActorTestAppUITestsLaunchTests.swift */ = {isa = PBXFileReference; lastKnownFileType = sourcecode.swift; path = ActorTestAppUITestsLaunchTests.swift; sourceTree = "<group>"; };
		719E4E222A4976D9002ACDD8 /* Flight.swift */ = {isa = PBXFileReference; lastKnownFileType = sourcecode.swift; path = Flight.swift; sourceTree = "<group>"; };
/* End PBXFileReference section */

/* Begin PBXFrameworksBuildPhase section */
		719E4DEC2A497655002ACDD8 /* Frameworks */ = {
			isa = PBXFrameworksBuildPhase;
			buildActionMask = 2147483647;
			files = (
			);
			runOnlyForDeploymentPostprocessing = 0;
		};
		719E4E022A497656002ACDD8 /* Frameworks */ = {
			isa = PBXFrameworksBuildPhase;
			buildActionMask = 2147483647;
			files = (
			);
			runOnlyForDeploymentPostprocessing = 0;
		};
		719E4E0C2A497656002ACDD8 /* Frameworks */ = {
			isa = PBXFrameworksBuildPhase;
			buildActionMask = 2147483647;
			files = (
			);
			runOnlyForDeploymentPostprocessing = 0;
		};
/* End PBXFrameworksBuildPhase section */

/* Begin PBXGroup section */
		719E4DE62A497655002ACDD8 = {
			isa = PBXGroup;
			children = (
				719E4DF12A497655002ACDD8 /* ActorTestApp */,
				719E4E082A497656002ACDD8 /* ActorTestAppTests */,
				719E4E122A497656002ACDD8 /* ActorTestAppUITests */,
				719E4DF02A497655002ACDD8 /* Products */,
			);
			sourceTree = "<group>";
		};
		719E4DF02A497655002ACDD8 /* Products */ = {
			isa = PBXGroup;
			children = (
				719E4DEF2A497655002ACDD8 /* ActorTestApp.app */,
				719E4E052A497656002ACDD8 /* ActorTestAppTests.xctest */,
				719E4E0F2A497656002ACDD8 /* ActorTestAppUITests.xctest */,
			);
			name = Products;
			sourceTree = "<group>";
		};
		719E4DF12A497655002ACDD8 /* ActorTestApp */ = {
			isa = PBXGroup;
			children = (
				719E4DF22A497655002ACDD8 /* AppDelegate.swift */,
				719E4DF42A497655002ACDD8 /* SceneDelegate.swift */,
				719E4DF62A497655002ACDD8 /* ViewController.swift */,
				719E4E222A4976D9002ACDD8 /* Flight.swift */,
				719E4DF82A497655002ACDD8 /* Main.storyboard */,
				719E4DFB2A497656002ACDD8 /* Assets.xcassets */,
				719E4DFD2A497656002ACDD8 /* LaunchScreen.storyboard */,
				719E4E002A497656002ACDD8 /* Info.plist */,
			);
			path = ActorTestApp;
			sourceTree = "<group>";
		};
		719E4E082A497656002ACDD8 /* ActorTestAppTests */ = {
			isa = PBXGroup;
			children = (
				719E4E092A497656002ACDD8 /* ActorTestAppTests.swift */,
			);
			path = ActorTestAppTests;
			sourceTree = "<group>";
		};
		719E4E122A497656002ACDD8 /* ActorTestAppUITests */ = {
			isa = PBXGroup;
			children = (
				719E4E132A497656002ACDD8 /* ActorTestAppUITests.swift */,
				719E4E152A497656002ACDD8 /* ActorTestAppUITestsLaunchTests.swift */,
			);
			path = ActorTestAppUITests;
			sourceTree = "<group>";
		};
/* End PBXGroup section */

/* Begin PBXNativeTarget section */
		719E4DEE2A497655002ACDD8 /* ActorTestApp */ = {
			isa = PBXNativeTarget;
			buildConfigurationList = 719E4E192A497656002ACDD8 /* Build configuration list for PBXNativeTarget "ActorTestApp" */;
			buildPhases = (
				719E4DEB2A497655002ACDD8 /* Sources */,
				719E4DEC2A497655002ACDD8 /* Frameworks */,
				719E4DED2A497655002ACDD8 /* Resources */,
			);
			buildRules = (
			);
			dependencies = (
			);
			name = ActorTestApp;
			productName = ActorTestApp;
			productReference = 719E4DEF2A497655002ACDD8 /* ActorTestApp.app */;
			productType = "com.apple.product-type.application";
		};
		719E4E042A497656002ACDD8 /* ActorTestAppTests */ = {
			isa = PBXNativeTarget;
			buildConfigurationList = 719E4E1C2A497656002ACDD8 /* Build configuration list for PBXNativeTarget "ActorTestAppTests" */;
			buildPhases = (
				719E4E012A497656002ACDD8 /* Sources */,
				719E4E022A497656002ACDD8 /* Frameworks */,
				719E4E032A497656002ACDD8 /* Resources */,
			);
			buildRules = (
			);
			dependencies = (
				719E4E072A497656002ACDD8 /* PBXTargetDependency */,
			);
			name = ActorTestAppTests;
			productName = ActorTestAppTests;
			productReference = 719E4E052A497656002ACDD8 /* ActorTestAppTests.xctest */;
			productType = "com.apple.product-type.bundle.unit-test";
		};
		719E4E0E2A497656002ACDD8 /* ActorTestAppUITests */ = {
			isa = PBXNativeTarget;
			buildConfigurationList = 719E4E1F2A497656002ACDD8 /* Build configuration list for PBXNativeTarget "ActorTestAppUITests" */;
			buildPhases = (
				719E4E0B2A497656002ACDD8 /* Sources */,
				719E4E0C2A497656002ACDD8 /* Frameworks */,
				719E4E0D2A497656002ACDD8 /* Resources */,
			);
			buildRules = (
			);
			dependencies = (
				719E4E112A497656002ACDD8 /* PBXTargetDependency */,
			);
			name = ActorTestAppUITests;
			productName = ActorTestAppUITests;
			productReference = 719E4E0F2A497656002ACDD8 /* ActorTestAppUITests.xctest */;
			productType = "com.apple.product-type.bundle.ui-testing";
		};
/* End PBXNativeTarget section */

/* Begin PBXProject section */
		719E4DE72A497655002ACDD8 /* Project object */ = {
			isa = PBXProject;
			attributes = {
				BuildIndependentTargetsInParallel = 1;
				LastSwiftUpdateCheck = 1500;
				LastUpgradeCheck = 1500;
				TargetAttributes = {
					719E4DEE2A497655002ACDD8 = {
						CreatedOnToolsVersion = 15.0;
					};
					719E4E042A497656002ACDD8 = {
						CreatedOnToolsVersion = 15.0;
						TestTargetID = 719E4DEE2A497655002ACDD8;
					};
					719E4E0E2A497656002ACDD8 = {
						CreatedOnToolsVersion = 15.0;
						TestTargetID = 719E4DEE2A497655002ACDD8;
					};
				};
			};
			buildConfigurationList = 719E4DEA2A497655002ACDD8 /* Build configuration list for PBXProject "ActorTestApp" */;
			compatibilityVersion = "Xcode 14.0";
			developmentRegion = en;
			hasScannedForEncodings = 0;
			knownRegions = (
				en,
				Base,
			);
			mainGroup = 719E4DE62A497655002ACDD8;
			productRefGroup = 719E4DF02A497655002ACDD8 /* Products */;
			projectDirPath = "";
			projectRoot = "";
			targets = (
				719E4DEE2A497655002ACDD8 /* ActorTestApp */,
				719E4E042A497656002ACDD8 /* ActorTestAppTests */,
				719E4E0E2A497656002ACDD8 /* ActorTestAppUITests */,
			);
		};
/* End PBXProject section */

/* Begin PBXResourcesBuildPhase section */
		719E4DED2A497655002ACDD8 /* Resources */ = {
			isa = PBXResourcesBuildPhase;
			buildActionMask = 2147483647;
			files = (
				719E4DFF2A497656002ACDD8 /* LaunchScreen.storyboard in Resources */,
				719E4DFC2A497656002ACDD8 /* Assets.xcassets in Resources */,
				719E4DFA2A497655002ACDD8 /* Main.storyboard in Resources */,
			);
			runOnlyForDeploymentPostprocessing = 0;
		};
		719E4E032A497656002ACDD8 /* Resources */ = {
			isa = PBXResourcesBuildPhase;
			buildActionMask = 2147483647;
			files = (
			);
			runOnlyForDeploymentPostprocessing = 0;
		};
		719E4E0D2A497656002ACDD8 /* Resources */ = {
			isa = PBXResourcesBuildPhase;
			buildActionMask = 2147483647;
			files = (
			);
			runOnlyForDeploymentPostprocessing = 0;
		};
/* End PBXResourcesBuildPhase section */

/* Begin PBXSourcesBuildPhase section */
		719E4DEB2A497655002ACDD8 /* Sources */ = {
			isa = PBXSourcesBuildPhase;
			buildActionMask = 2147483647;
			files = (
				719E4DF72A497655002ACDD8 /* ViewController.swift in Sources */,
				719E4E232A4976D9002ACDD8 /* Flight.swift in Sources */,
				719E4DF32A497655002ACDD8 /* AppDelegate.swift in Sources */,
				719E4DF52A497655002ACDD8 /* SceneDelegate.swift in Sources */,
			);
			runOnlyForDeploymentPostprocessing = 0;
		};
		719E4E012A497656002ACDD8 /* Sources */ = {
			isa = PBXSourcesBuildPhase;
			buildActionMask = 2147483647;
			files = (
				719E4E0A2A497656002ACDD8 /* ActorTestAppTests.swift in Sources */,
			);
			runOnlyForDeploymentPostprocessing = 0;
		};
		719E4E0B2A497656002ACDD8 /* Sources */ = {
			isa = PBXSourcesBuildPhase;
			buildActionMask = 2147483647;
			files = (
				719E4E162A497656002ACDD8 /* ActorTestAppUITestsLaunchTests.swift in Sources */,
				719E4E142A497656002ACDD8 /* ActorTestAppUITests.swift in Sources */,
			);
			runOnlyForDeploymentPostprocessing = 0;
		};
/* End PBXSourcesBuildPhase section */

/* Begin PBXTargetDependency section */
		719E4E072A497656002ACDD8 /* PBXTargetDependency */ = {
			isa = PBXTargetDependency;
			target = 719E4DEE2A497655002ACDD8 /* ActorTestApp */;
			targetProxy = 719E4E062A497656002ACDD8 /* PBXContainerItemProxy */;
		};
		719E4E112A497656002ACDD8 /* PBXTargetDependency */ = {
			isa = PBXTargetDependency;
			target = 719E4DEE2A497655002ACDD8 /* ActorTestApp */;
			targetProxy = 719E4E102A497656002ACDD8 /* PBXContainerItemProxy */;
		};
/* End PBXTargetDependency section */

/* Begin PBXVariantGroup section */
		719E4DF82A497655002ACDD8 /* Main.storyboard */ = {
			isa = PBXVariantGroup;
			children = (
				719E4DF92A497655002ACDD8 /* Base */,
			);
			name = Main.storyboard;
			sourceTree = "<group>";
		};
		719E4DFD2A497656002ACDD8 /* LaunchScreen.storyboard */ = {
			isa = PBXVariantGroup;
			children = (
				719E4DFE2A497656002ACDD8 /* Base */,
			);
			name = LaunchScreen.storyboard;
			sourceTree = "<group>";
		};
/* End PBXVariantGroup section */

/* Begin XCBuildConfiguration section */
		719E4E172A497656002ACDD8 /* Debug */ = {
			isa = XCBuildConfiguration;
			buildSettings = {
				ALWAYS_SEARCH_USER_PATHS = NO;
				ASSETCATALOG_COMPILER_GENERATE_SWIFT_ASSET_SYMBOL_EXTENSIONS = YES;
				CLANG_ANALYZER_NONNULL = YES;
				CLANG_ANALYZER_NUMBER_OBJECT_CONVERSION = YES_AGGRESSIVE;
				CLANG_CXX_LANGUAGE_STANDARD = "gnu++20";
				CLANG_ENABLE_MODULES = YES;
				CLANG_ENABLE_OBJC_ARC = YES;
				CLANG_ENABLE_OBJC_WEAK = YES;
				CLANG_WARN_BLOCK_CAPTURE_AUTORELEASING = YES;
				CLANG_WARN_BOOL_CONVERSION = YES;
				CLANG_WARN_COMMA = YES;
				CLANG_WARN_CONSTANT_CONVERSION = YES;
				CLANG_WARN_DEPRECATED_OBJC_IMPLEMENTATIONS = YES;
				CLANG_WARN_DIRECT_OBJC_ISA_USAGE = YES_ERROR;
				CLANG_WARN_DOCUMENTATION_COMMENTS = YES;
				CLANG_WARN_EMPTY_BODY = YES;
				CLANG_WARN_ENUM_CONVERSION = YES;
				CLANG_WARN_INFINITE_RECURSION = YES;
				CLANG_WARN_INT_CONVERSION = YES;
				CLANG_WARN_NON_LITERAL_NULL_CONVERSION = YES;
				CLANG_WARN_OBJC_IMPLICIT_RETAIN_SELF = YES;
				CLANG_WARN_OBJC_LITERAL_CONVERSION = YES;
				CLANG_WARN_OBJC_ROOT_CLASS = YES_ERROR;
				CLANG_WARN_QUOTED_INCLUDE_IN_FRAMEWORK_HEADER = YES;
				CLANG_WARN_RANGE_LOOP_ANALYSIS = YES;
				CLANG_WARN_STRICT_PROTOTYPES = YES;
				CLANG_WARN_SUSPICIOUS_MOVE = YES;
				CLANG_WARN_UNGUARDED_AVAILABILITY = YES_AGGRESSIVE;
				CLANG_WARN_UNREACHABLE_CODE = YES;
				CLANG_WARN__DUPLICATE_METHOD_MATCH = YES;
				COPY_PHASE_STRIP = NO;
				DEBUG_INFORMATION_FORMAT = dwarf;
				ENABLE_STRICT_OBJC_MSGSEND = YES;
				ENABLE_TESTABILITY = YES;
				ENABLE_USER_SCRIPT_SANDBOXING = YES;
				GCC_C_LANGUAGE_STANDARD = gnu17;
				GCC_DYNAMIC_NO_PIC = NO;
				GCC_NO_COMMON_BLOCKS = YES;
				GCC_OPTIMIZATION_LEVEL = 0;
				GCC_PREPROCESSOR_DEFINITIONS = (
					"DEBUG=1",
					"$(inherited)",
				);
				GCC_WARN_64_TO_32_BIT_CONVERSION = YES;
				GCC_WARN_ABOUT_RETURN_TYPE = YES_ERROR;
				GCC_WARN_UNDECLARED_SELECTOR = YES;
				GCC_WARN_UNINITIALIZED_AUTOS = YES_AGGRESSIVE;
				GCC_WARN_UNUSED_FUNCTION = YES;
				GCC_WARN_UNUSED_VARIABLE = YES;
				IPHONEOS_DEPLOYMENT_TARGET = 17.0;
				LOCALIZATION_PREFERS_STRING_CATALOGS = YES;
				MTL_ENABLE_DEBUG_INFO = INCLUDE_SOURCE;
				MTL_FAST_MATH = YES;
				ONLY_ACTIVE_ARCH = YES;
				SDKROOT = iphoneos;
				SWIFT_ACTIVE_COMPILATION_CONDITIONS = "DEBUG $(inherited)";
				SWIFT_OPTIMIZATION_LEVEL = "-Onone";
			};
			name = Debug;
		};
		719E4E182A497656002ACDD8 /* Release */ = {
			isa = XCBuildConfiguration;
			buildSettings = {
				ALWAYS_SEARCH_USER_PATHS = NO;
				ASSETCATALOG_COMPILER_GENERATE_SWIFT_ASSET_SYMBOL_EXTENSIONS = YES;
				CLANG_ANALYZER_NONNULL = YES;
				CLANG_ANALYZER_NUMBER_OBJECT_CONVERSION = YES_AGGRESSIVE;
				CLANG_CXX_LANGUAGE_STANDARD = "gnu++20";
				CLANG_ENABLE_MODULES = YES;
				CLANG_ENABLE_OBJC_ARC = YES;
				CLANG_ENABLE_OBJC_WEAK = YES;
				CLANG_WARN_BLOCK_CAPTURE_AUTORELEASING = YES;
				CLANG_WARN_BOOL_CONVERSION = YES;
				CLANG_WARN_COMMA = YES;
				CLANG_WARN_CONSTANT_CONVERSION = YES;
				CLANG_WARN_DEPRECATED_OBJC_IMPLEMENTATIONS = YES;
				CLANG_WARN_DIRECT_OBJC_ISA_USAGE = YES_ERROR;
				CLANG_WARN_DOCUMENTATION_COMMENTS = YES;
				CLANG_WARN_EMPTY_BODY = YES;
				CLANG_WARN_ENUM_CONVERSION = YES;
				CLANG_WARN_INFINITE_RECURSION = YES;
				CLANG_WARN_INT_CONVERSION = YES;
				CLANG_WARN_NON_LITERAL_NULL_CONVERSION = YES;
				CLANG_WARN_OBJC_IMPLICIT_RETAIN_SELF = YES;
				CLANG_WARN_OBJC_LITERAL_CONVERSION = YES;
				CLANG_WARN_OBJC_ROOT_CLASS = YES_ERROR;
				CLANG_WARN_QUOTED_INCLUDE_IN_FRAMEWORK_HEADER = YES;
				CLANG_WARN_RANGE_LOOP_ANALYSIS = YES;
				CLANG_WARN_STRICT_PROTOTYPES = YES;
				CLANG_WARN_SUSPICIOUS_MOVE = YES;
				CLANG_WARN_UNGUARDED_AVAILABILITY = YES_AGGRESSIVE;
				CLANG_WARN_UNREACHABLE_CODE = YES;
				CLANG_WARN__DUPLICATE_METHOD_MATCH = YES;
				COPY_PHASE_STRIP = NO;
				DEBUG_INFORMATION_FORMAT = "dwarf-with-dsym";
				ENABLE_NS_ASSERTIONS = NO;
				ENABLE_STRICT_OBJC_MSGSEND = YES;
				ENABLE_USER_SCRIPT_SANDBOXING = YES;
				GCC_C_LANGUAGE_STANDARD = gnu17;
				GCC_NO_COMMON_BLOCKS = YES;
				GCC_WARN_64_TO_32_BIT_CONVERSION = YES;
				GCC_WARN_ABOUT_RETURN_TYPE = YES_ERROR;
				GCC_WARN_UNDECLARED_SELECTOR = YES;
				GCC_WARN_UNINITIALIZED_AUTOS = YES_AGGRESSIVE;
				GCC_WARN_UNUSED_FUNCTION = YES;
				GCC_WARN_UNUSED_VARIABLE = YES;
				IPHONEOS_DEPLOYMENT_TARGET = 17.0;
				LOCALIZATION_PREFERS_STRING_CATALOGS = YES;
				MTL_ENABLE_DEBUG_INFO = NO;
				MTL_FAST_MATH = YES;
				SDKROOT = iphoneos;
				SWIFT_COMPILATION_MODE = wholemodule;
				VALIDATE_PRODUCT = YES;
			};
			name = Release;
		};
		719E4E1A2A497656002ACDD8 /* Debug */ = {
			isa = XCBuildConfiguration;
			buildSettings = {
				ASSETCATALOG_COMPILER_APPICON_NAME = AppIcon;
				ASSETCATALOG_COMPILER_GLOBAL_ACCENT_COLOR_NAME = AccentColor;
				CODE_SIGN_STYLE = Automatic;
				CURRENT_PROJECT_VERSION = 1;
				GENERATE_INFOPLIST_FILE = YES;
				INFOPLIST_FILE = ActorTestApp/Info.plist;
				INFOPLIST_KEY_UIApplicationSupportsIndirectInputEvents = YES;
				INFOPLIST_KEY_UILaunchStoryboardName = LaunchScreen;
				INFOPLIST_KEY_UIMainStoryboardFile = Main;
				INFOPLIST_KEY_UISupportedInterfaceOrientations_iPad = "UIInterfaceOrientationPortrait UIInterfaceOrientationPortraitUpsideDown UIInterfaceOrientationLandscapeLeft UIInterfaceOrientationLandscapeRight";
				INFOPLIST_KEY_UISupportedInterfaceOrientations_iPhone = "UIInterfaceOrientationPortrait UIInterfaceOrientationLandscapeLeft UIInterfaceOrientationLandscapeRight";
				LD_RUNPATH_SEARCH_PATHS = (
					"$(inherited)",
					"@executable_path/Frameworks",
				);
				MARKETING_VERSION = 1.0;
				PRODUCT_BUNDLE_IDENTIFIER = com.spoil.spoilapp.ActorTestApp;
				PRODUCT_NAME = "$(TARGET_NAME)";
				SWIFT_EMIT_LOC_STRINGS = YES;
				SWIFT_VERSION = 5.0;
				TARGETED_DEVICE_FAMILY = "1,2";
			};
			name = Debug;
		};
		719E4E1B2A497656002ACDD8 /* Release */ = {
			isa = XCBuildConfiguration;
			buildSettings = {
				ASSETCATALOG_COMPILER_APPICON_NAME = AppIcon;
				ASSETCATALOG_COMPILER_GLOBAL_ACCENT_COLOR_NAME = AccentColor;
				CODE_SIGN_STYLE = Automatic;
				CURRENT_PROJECT_VERSION = 1;
				GENERATE_INFOPLIST_FILE = YES;
				INFOPLIST_FILE = ActorTestApp/Info.plist;
				INFOPLIST_KEY_UIApplicationSupportsIndirectInputEvents = YES;
				INFOPLIST_KEY_UILaunchStoryboardName = LaunchScreen;
				INFOPLIST_KEY_UIMainStoryboardFile = Main;
				INFOPLIST_KEY_UISupportedInterfaceOrientations_iPad = "UIInterfaceOrientationPortrait UIInterfaceOrientationPortraitUpsideDown UIInterfaceOrientationLandscapeLeft UIInterfaceOrientationLandscapeRight";
				INFOPLIST_KEY_UISupportedInterfaceOrientations_iPhone = "UIInterfaceOrientationPortrait UIInterfaceOrientationLandscapeLeft UIInterfaceOrientationLandscapeRight";
				LD_RUNPATH_SEARCH_PATHS = (
					"$(inherited)",
					"@executable_path/Frameworks",
				);
				MARKETING_VERSION = 1.0;
				PRODUCT_BUNDLE_IDENTIFIER = com.spoil.spoilapp.ActorTestApp;
				PRODUCT_NAME = "$(TARGET_NAME)";
				SWIFT_EMIT_LOC_STRINGS = YES;
				SWIFT_VERSION = 5.0;
				TARGETED_DEVICE_FAMILY = "1,2";
			};
			name = Release;
		};
		719E4E1D2A497656002ACDD8 /* Debug */ = {
			isa = XCBuildConfiguration;
			buildSettings = {
				ALWAYS_EMBED_SWIFT_STANDARD_LIBRARIES = YES;
				BUNDLE_LOADER = "$(TEST_HOST)";
				CODE_SIGN_STYLE = Automatic;
				CURRENT_PROJECT_VERSION = 1;
				GENERATE_INFOPLIST_FILE = YES;
				IPHONEOS_DEPLOYMENT_TARGET = 17.0;
				MARKETING_VERSION = 1.0;
				PRODUCT_BUNDLE_IDENTIFIER = com.spoil.spoilapp.ActorTestAppTests;
				PRODUCT_NAME = "$(TARGET_NAME)";
				SWIFT_EMIT_LOC_STRINGS = NO;
				SWIFT_VERSION = 5.0;
				TARGETED_DEVICE_FAMILY = "1,2";
				TEST_HOST = "$(BUILT_PRODUCTS_DIR)/ActorTestApp.app/$(BUNDLE_EXECUTABLE_FOLDER_PATH)/ActorTestApp";
			};
			name = Debug;
		};
		719E4E1E2A497656002ACDD8 /* Release */ = {
			isa = XCBuildConfiguration;
			buildSettings = {
				ALWAYS_EMBED_SWIFT_STANDARD_LIBRARIES = YES;
				BUNDLE_LOADER = "$(TEST_HOST)";
				CODE_SIGN_STYLE = Automatic;
				CURRENT_PROJECT_VERSION = 1;
				GENERATE_INFOPLIST_FILE = YES;
				IPHONEOS_DEPLOYMENT_TARGET = 17.0;
				MARKETING_VERSION = 1.0;
				PRODUCT_BUNDLE_IDENTIFIER = com.spoil.spoilapp.ActorTestAppTests;
				PRODUCT_NAME = "$(TARGET_NAME)";
				SWIFT_EMIT_LOC_STRINGS = NO;
				SWIFT_VERSION = 5.0;
				TARGETED_DEVICE_FAMILY = "1,2";
				TEST_HOST = "$(BUILT_PRODUCTS_DIR)/ActorTestApp.app/$(BUNDLE_EXECUTABLE_FOLDER_PATH)/ActorTestApp";
			};
			name = Release;
		};
		719E4E202A497656002ACDD8 /* Debug */ = {
			isa = XCBuildConfiguration;
			buildSettings = {
				ALWAYS_EMBED_SWIFT_STANDARD_LIBRARIES = YES;
				CODE_SIGN_STYLE = Automatic;
				CURRENT_PROJECT_VERSION = 1;
				GENERATE_INFOPLIST_FILE = YES;
				MARKETING_VERSION = 1.0;
				PRODUCT_BUNDLE_IDENTIFIER = com.spoil.spoilapp.ActorTestAppUITests;
				PRODUCT_NAME = "$(TARGET_NAME)";
				SWIFT_EMIT_LOC_STRINGS = NO;
				SWIFT_VERSION = 5.0;
				TARGETED_DEVICE_FAMILY = "1,2";
				TEST_TARGET_NAME = ActorTestApp;
			};
			name = Debug;
		};
		719E4E212A497656002ACDD8 /* Release */ = {
			isa = XCBuildConfiguration;
			buildSettings = {
				ALWAYS_EMBED_SWIFT_STANDARD_LIBRARIES = YES;
				CODE_SIGN_STYLE = Automatic;
				CURRENT_PROJECT_VERSION = 1;
				GENERATE_INFOPLIST_FILE = YES;
				MARKETING_VERSION = 1.0;
				PRODUCT_BUNDLE_IDENTIFIER = com.spoil.spoilapp.ActorTestAppUITests;
				PRODUCT_NAME = "$(TARGET_NAME)";
				SWIFT_EMIT_LOC_STRINGS = NO;
				SWIFT_VERSION = 5.0;
				TARGETED_DEVICE_FAMILY = "1,2";
				TEST_TARGET_NAME = ActorTestApp;
			};
			name = Release;
		};
/* End XCBuildConfiguration section */

/* Begin XCConfigurationList section */
		719E4DEA2A497655002ACDD8 /* Build configuration list for PBXProject "ActorTestApp" */ = {
			isa = XCConfigurationList;
			buildConfigurations = (
				719E4E172A497656002ACDD8 /* Debug */,
				719E4E182A497656002ACDD8 /* Release */,
			);
			defaultConfigurationIsVisible = 0;
			defaultConfigurationName = Release;
		};
		719E4E192A497656002ACDD8 /* Build configuration list for PBXNativeTarget "ActorTestApp" */ = {
			isa = XCConfigurationList;
			buildConfigurations = (
				719E4E1A2A497656002ACDD8 /* Debug */,
				719E4E1B2A497656002ACDD8 /* Release */,
			);
			defaultConfigurationIsVisible = 0;
			defaultConfigurationName = Release;
		};
		719E4E1C2A497656002ACDD8 /* Build configuration list for PBXNativeTarget "ActorTestAppTests" */ = {
			isa = XCConfigurationList;
			buildConfigurations = (
				719E4E1D2A497656002ACDD8 /* Debug */,
				719E4E1E2A497656002ACDD8 /* Release */,
			);
			defaultConfigurationIsVisible = 0;
			defaultConfigurationName = Release;
		};
		719E4E1F2A497656002ACDD8 /* Build configuration list for PBXNativeTarget "ActorTestAppUITests" */ = {
			isa = XCConfigurationList;
			buildConfigurations = (
				719E4E202A497656002ACDD8 /* Debug */,
				719E4E212A497656002ACDD8 /* Release */,
			);
			defaultConfigurationIsVisible = 0;
			defaultConfigurationName = Release;
		};
/* End XCConfigurationList section */
	};
	rootObject = 719E4DE72A497655002ACDD8 /* Project object */;
}
